
Microsoft Visual Studio Solution File, Format Version 12.00
# Visual Studio Version 16
VisualStudioVersion = 16.0.31624.102
MinimumVisualStudioVersion = 10.0.40219.1
Project("{FAE04EC0-301F-11D3-BF4B-00C04F79EFBC}") = "RestaurantAPI2", "RestaurantAPI2\RestaurantAPI2.csproj", "{EF41DF33-DB26-4E58-817A-057D7554FBE5}"
EndProject
Global
	GlobalSection(SolutionConfigurationPlatforms) = preSolution
		Debug|Any CPU = Debug|Any CPU
		Release|Any CPU = Release|Any CPU
	EndGlobalSection
	GlobalSection(ProjectConfigurationPlatforms) = postSolution
		{EF41DF33-DB26-4E58-817A-057D7554FBE5}.Debug|Any CPU.ActiveCfg = Debug|Any CPU
		{EF41DF33-DB26-4E58-817A-057D7554FBE5}.Debug|Any CPU.Build.0 = Debug|Any CPU
		{EF41DF33-DB26-4E58-817A-057D7554FBE5}.Release|Any CPU.ActiveCfg = Release|Any CPU
		{EF41DF33-DB26-4E58-817A-057D7554FBE5}.Release|Any CPU.Build.0 = Release|Any CPU
	EndGlobalSection
	GlobalSection(SolutionProperties) = preSolution
		HideSolutionNode = FALSE
	EndGlobalSection
	GlobalSection(ExtensibilityGlobals) = postSolution
		SolutionGuid = {4D61B891-28EE-4C3C-B86C-33AAB1B4D76B}
	EndGlobalSection
EndGlobal
